
Microsoft Visual Studio Solution File, Format Version 12.00
# Visual Studio Version 17
VisualStudioVersion = 17.11.35327.3
MinimumVisualStudioVersion = 10.0.40219.1
Project("{FAE04EC0-301F-11D3-BF4B-00C04F79EFBC}") = "capaPresentacion", "capaPresentacion.csproj", "{AF4D6DE1-01DE-4291-ABB8-47155EF7DFFC}"
EndProject
Project("{FAE04EC0-301F-11D3-BF4B-00C04F79EFBC}") = "capaDatos", "..\capaDatos\capaDatos.csproj", "{0A9DA4E6-0410-4DC3-9D85-1F9120594486}"
EndProject
Project("{FAE04EC0-301F-11D3-BF4B-00C04F79EFBC}") = "capaNegocio", "..\capaNegocio\capaNegocio.csproj", "{A7FC56DF-1870-4529-9325-3A6926D33762}"
EndProject
Global
	GlobalSection(SolutionConfigurationPlatforms) = preSolution
		Debug|Any CPU = Debug|Any CPU
		Release|Any CPU = Release|Any CPU
	EndGlobalSection
	GlobalSection(ProjectConfigurationPlatforms) = postSolution
		{AF4D6DE1-01DE-4291-ABB8-47155EF7DFFC}.Debug|Any CPU.ActiveCfg = Debug|Any CPU
		{AF4D6DE1-01DE-4291-ABB8-47155EF7DFFC}.Debug|Any CPU.Build.0 = Debug|Any CPU
		{AF4D6DE1-01DE-4291-ABB8-47155EF7DFFC}.Release|Any CPU.ActiveCfg = Release|Any CPU
		{AF4D6DE1-01DE-4291-ABB8-47155EF7DFFC}.Release|Any CPU.Build.0 = Release|Any CPU
		{0A9DA4E6-0410-4DC3-9D85-1F9120594486}.Debug|Any CPU.ActiveCfg = Debug|Any CPU
		{0A9DA4E6-0410-4DC3-9D85-1F9120594486}.Debug|Any CPU.Build.0 = Debug|Any CPU
		{0A9DA4E6-0410-4DC3-9D85-1F9120594486}.Release|Any CPU.ActiveCfg = Release|Any CPU
		{0A9DA4E6-0410-4DC3-9D85-1F9120594486}.Release|Any CPU.Build.0 = Release|Any CPU
		{A7FC56DF-1870-4529-9325-3A6926D33762}.Debug|Any CPU.ActiveCfg = Debug|Any CPU
		{A7FC56DF-1870-4529-9325-3A6926D33762}.Debug|Any CPU.Build.0 = Debug|Any CPU
		{A7FC56DF-1870-4529-9325-3A6926D33762}.Release|Any CPU.ActiveCfg = Release|Any CPU
		{A7FC56DF-1870-4529-9325-3A6926D33762}.Release|Any CPU.Build.0 = Release|Any CPU
	EndGlobalSection
	GlobalSection(SolutionProperties) = preSolution
		HideSolutionNode = FALSE
	EndGlobalSection
	GlobalSection(ExtensibilityGlobals) = postSolution
		SolutionGuid = {388EFE04-B370-426D-A724-2F399DC1F0B1}
	EndGlobalSection
EndGlobal
